
Microsoft Visual Studio Solution File, Format Version 12.00
# Visual Studio Version 17
VisualStudioVersion = 17.13.35931.197 d17.13
MinimumVisualStudioVersion = 10.0.40219.1
Project("{FAE04EC0-301F-11D3-BF4B-00C04F79EFBC}") = "ZaunService", "ZaunService\ZaunService.csproj", "{444A7ACD-E4FD-44ED-903F-C8703D841B62}"
EndProject
Global
	GlobalSection(SolutionConfigurationPlatforms) = preSolution
		Debug|Any CPU = Debug|Any CPU
		Release|Any CPU = Release|Any CPU
	EndGlobalSection
	GlobalSection(ProjectConfigurationPlatforms) = postSolution
		{444A7ACD-E4FD-44ED-903F-C8703D841B62}.Debug|Any CPU.ActiveCfg = Debug|Any CPU
		{444A7ACD-E4FD-44ED-903F-C8703D841B62}.Debug|Any CPU.Build.0 = Debug|Any CPU
		{444A7ACD-E4FD-44ED-903F-C8703D841B62}.Release|Any CPU.ActiveCfg = Release|Any CPU
		{444A7ACD-E4FD-44ED-903F-C8703D841B62}.Release|Any CPU.Build.0 = Release|Any CPU
	EndGlobalSection
	GlobalSection(SolutionProperties) = preSolution
		HideSolutionNode = FALSE
	EndGlobalSection
	GlobalSection(ExtensibilityGlobals) = postSolution
		SolutionGuid = {B098AB5F-1866-42E3-97D7-5AF75E3D720B}
	EndGlobalSection
EndGlobal
